// !$*UTF8*$!
{
	archiveVersion = 1;
	classes = {
	};
	objectVersion = 77;
	objects = {

/* Begin PBXBuildFile section */
		7019EDBB4BD843A5C115086B /* ShadowDesignerApp.swift in Sources */ = {isa = PBXBuildFile; fileRef = E6D666AD3FF00A5DD099CCC3 /* ShadowDesignerApp.swift */; };
		8CDE77B8A6F67BC6C54B2F31 /* ShadowModel.swift in Sources */ = {isa = PBXBuildFile; fileRef = 0BBC4383AC73117E21B302BF /* ShadowModel.swift */; };
		96B858E29C414F0C73C3B401 /* LightSourceView.swift in Sources */ = {isa = PBXBuildFile; fileRef = D3F3F1279A4F8B35CDF096EC /* LightSourceView.swift */; };
		B1E75903FF1C187862702DBC /* HappyShadows in Frameworks */ = {isa = PBXBuildFile; productRef = 5A839AAE172CD9AE5490880B /* HappyShadows */; };
		BB8C175A24FFCA2B8A2C61B8 /* ContentView.swift in Sources */ = {isa = PBXBuildFile; fileRef = 6E23ADDCFA6B1AE27317A781 /* ContentView.swift */; };
/* End PBXBuildFile section */

/* Begin PBXFileReference section */
		0BBC4383AC73117E21B302BF /* ShadowModel.swift */ = {isa = PBXFileReference; lastKnownFileType = sourcecode.swift; path = ShadowModel.swift; sourceTree = "<group>"; };
		43E3F6C1AFD22116E01D2109 /* HappyShadows */ = {isa = PBXFileReference; lastKnownFileType = folder; name = HappyShadows; path = ..; sourceTree = SOURCE_ROOT; };
		658F7037CCAFBF07EEF0B7D4 /* ShadowDesigner.app */ = {isa = PBXFileReference; explicitFileType = wrapper.application; includeInIndex = 0; path = ShadowDesigner.app; sourceTree = BUILT_PRODUCTS_DIR; };
		6E23ADDCFA6B1AE27317A781 /* ContentView.swift */ = {isa = PBXFileReference; lastKnownFileType = sourcecode.swift; path = ContentView.swift; sourceTree = "<group>"; };
		D3F3F1279A4F8B35CDF096EC /* LightSourceView.swift */ = {isa = PBXFileReference; lastKnownFileType = sourcecode.swift; path = LightSourceView.swift; sourceTree = "<group>"; };
		E6D666AD3FF00A5DD099CCC3 /* ShadowDesignerApp.swift */ = {isa = PBXFileReference; lastKnownFileType = sourcecode.swift; path = ShadowDesignerApp.swift; sourceTree = "<group>"; };
/* End PBXFileReference section */

/* Begin PBXFrameworksBuildPhase section */
		8BA63B6D7F5AAC7A31E281F7 /* Frameworks */ = {
			isa = PBXFrameworksBuildPhase;
			buildActionMask = 2147483647;
			files = (
				B1E75903FF1C187862702DBC /* HappyShadows in Frameworks */,
			);
			runOnlyForDeploymentPostprocessing = 0;
		};
/* End PBXFrameworksBuildPhase section */

/* Begin PBXGroup section */
		38311EE7CD55F72DEF54EEBA /* Packages */ = {
			isa = PBXGroup;
			children = (
				43E3F6C1AFD22116E01D2109 /* HappyShadows */,
			);
			name = Packages;
			sourceTree = "<group>";
		};
		73F2D681815FC7DBA06EA7E7 /* Products */ = {
			isa = PBXGroup;
			children = (
				658F7037CCAFBF07EEF0B7D4 /* ShadowDesigner.app */,
			);
			name = Products;
			sourceTree = "<group>";
		};
		AF4B8EC9C4BF2BF501C50757 /* ShadowDesigner */ = {
			isa = PBXGroup;
			children = (
				6E23ADDCFA6B1AE27317A781 /* ContentView.swift */,
				D3F3F1279A4F8B35CDF096EC /* LightSourceView.swift */,
				E6D666AD3FF00A5DD099CCC3 /* ShadowDesignerApp.swift */,
				0BBC4383AC73117E21B302BF /* ShadowModel.swift */,
			);
			name = ShadowDesigner;
			path = ../Sources/ShadowDesigner;
			sourceTree = "<group>";
		};
		DBB44906C98714775868BCE2 = {
			isa = PBXGroup;
			children = (
				38311EE7CD55F72DEF54EEBA /* Packages */,
				AF4B8EC9C4BF2BF501C50757 /* ShadowDesigner */,
				73F2D681815FC7DBA06EA7E7 /* Products */,
			);
			sourceTree = "<group>";
		};
/* End PBXGroup section */

/* Begin PBXNativeTarget section */
		E98D78DD316FF1A87BD5729D /* ShadowDesigner */ = {
			isa = PBXNativeTarget;
			buildConfigurationList = FAFB45205A4B975EDEF645ED /* Build configuration list for PBXNativeTarget "ShadowDesigner" */;
			buildPhases = (
				6DEBB2800DFB2F04A272946B /* Sources */,
				8BA63B6D7F5AAC7A31E281F7 /* Frameworks */,
			);
			buildRules = (
			);
			dependencies = (
			);
			name = ShadowDesigner;
			packageProductDependencies = (
				5A839AAE172CD9AE5490880B /* HappyShadows */,
			);
			productName = ShadowDesigner;
			productReference = 658F7037CCAFBF07EEF0B7D4 /* ShadowDesigner.app */;
			productType = "com.apple.product-type.application";
		};
/* End PBXNativeTarget section */

/* Begin PBXProject section */
		B64838C034365FC0145DB1DF /* Project object */ = {
			isa = PBXProject;
			attributes = {
				BuildIndependentTargetsInParallel = YES;
				LastUpgradeCheck = 1600;
				TargetAttributes = {
				};
			};
			buildConfigurationList = E9416DC8D36956898224D270 /* Build configuration list for PBXProject "ShadowDesigner" */;
			developmentRegion = en;
			hasScannedForEncodings = 0;
			knownRegions = (
				Base,
				en,
			);
			mainGroup = DBB44906C98714775868BCE2;
			minimizedProjectReferenceProxies = 1;
			packageReferences = (
				D4B52CE5423FD814611B3763 /* XCLocalSwiftPackageReference ".." */,
			);
			preferredProjectObjectVersion = 77;
			productRefGroup = 73F2D681815FC7DBA06EA7E7 /* Products */;
			projectDirPath = "";
			projectRoot = "";
			targets = (
				E98D78DD316FF1A87BD5729D /* ShadowDesigner */,
			);
		};
/* End PBXProject section */

/* Begin PBXSourcesBuildPhase section */
		6DEBB2800DFB2F04A272946B /* Sources */ = {
			isa = PBXSourcesBuildPhase;
			buildActionMask = 2147483647;
			files = (
				BB8C175A24FFCA2B8A2C61B8 /* ContentView.swift in Sources */,
				96B858E29C414F0C73C3B401 /* LightSourceView.swift in Sources */,
				7019EDBB4BD843A5C115086B /* ShadowDesignerApp.swift in Sources */,
				8CDE77B8A6F67BC6C54B2F31 /* ShadowModel.swift in Sources */,
			);
			runOnlyForDeploymentPostprocessing = 0;
		};
/* End PBXSourcesBuildPhase section */

/* Begin XCBuildConfiguration section */
		37704C855439647061A85EF6 /* Debug */ = {
			isa = XCBuildConfiguration;
			buildSettings = {
				ALWAYS_SEARCH_USER_PATHS = NO;
				CLANG_ANALYZER_NONNULL = YES;
				CLANG_ANALYZER_NUMBER_OBJECT_CONVERSION = YES_AGGRESSIVE;
				CLANG_CXX_LANGUAGE_STANDARD = "gnu++14";
				CLANG_CXX_LIBRARY = "libc++";
				CLANG_ENABLE_MODULES = YES;
				CLANG_ENABLE_OBJC_ARC = YES;
				CLANG_ENABLE_OBJC_WEAK = YES;
				CLANG_WARN_BLOCK_CAPTURE_AUTORELEASING = YES;
				CLANG_WARN_BOOL_CONVERSION = YES;
				CLANG_WARN_COMMA = YES;
				CLANG_WARN_CONSTANT_CONVERSION = YES;
				CLANG_WARN_DEPRECATED_OBJC_IMPLEMENTATIONS = YES;
				CLANG_WARN_DIRECT_OBJC_ISA_USAGE = YES_ERROR;
				CLANG_WARN_DOCUMENTATION_COMMENTS = YES;
				CLANG_WARN_EMPTY_BODY = YES;
				CLANG_WARN_ENUM_CONVERSION = YES;
				CLANG_WARN_INFINITE_RECURSION = YES;
				CLANG_WARN_INT_CONVERSION = YES;
				CLANG_WARN_NON_LITERAL_NULL_CONVERSION = YES;
				CLANG_WARN_OBJC_IMPLICIT_RETAIN_SELF = YES;
				CLANG_WARN_OBJC_LITERAL_CONVERSION = YES;
				CLANG_WARN_OBJC_ROOT_CLASS = YES_ERROR;
				CLANG_WARN_QUOTED_INCLUDE_IN_FRAMEWORK_HEADER = YES;
				CLANG_WARN_RANGE_LOOP_ANALYSIS = YES;
				CLANG_WARN_STRICT_PROTOTYPES = YES;
				CLANG_WARN_SUSPICIOUS_MOVE = YES;
				CLANG_WARN_UNGUARDED_AVAILABILITY = YES_AGGRESSIVE;
				CLANG_WARN_UNREACHABLE_CODE = YES;
				CLANG_WARN__DUPLICATE_METHOD_MATCH = YES;
				COPY_PHASE_STRIP = NO;
				DEBUG_INFORMATION_FORMAT = dwarf;
				ENABLE_STRICT_OBJC_MSGSEND = YES;
				ENABLE_TESTABILITY = YES;
				GCC_C_LANGUAGE_STANDARD = gnu11;
				GCC_DYNAMIC_NO_PIC = NO;
				GCC_NO_COMMON_BLOCKS = YES;
				GCC_OPTIMIZATION_LEVEL = 0;
				GCC_PREPROCESSOR_DEFINITIONS = (
					"$(inherited)",
					"DEBUG=1",
				);
				GCC_WARN_64_TO_32_BIT_CONVERSION = YES;
				GCC_WARN_ABOUT_RETURN_TYPE = YES_ERROR;
				GCC_WARN_UNDECLARED_SELECTOR = YES;
				GCC_WARN_UNINITIALIZED_AUTOS = YES_AGGRESSIVE;
				GCC_WARN_UNUSED_FUNCTION = YES;
				GCC_WARN_UNUSED_VARIABLE = YES;
				MACOSX_DEPLOYMENT_TARGET = 14.0;
				MTL_ENABLE_DEBUG_INFO = INCLUDE_SOURCE;
				MTL_FAST_MATH = YES;
				ONLY_ACTIVE_ARCH = YES;
				PRODUCT_NAME = "$(TARGET_NAME)";
				SDKROOT = macosx;
				SWIFT_ACTIVE_COMPILATION_CONDITIONS = DEBUG;
				SWIFT_OPTIMIZATION_LEVEL = "-Onone";
				SWIFT_VERSION = 5.0;
			};
			name = Debug;
		};
		4D645B745F7955B7A6F3A44C /* Debug */ = {
			isa = XCBuildConfiguration;
			buildSettings = {
				ASSETCATALOG_COMPILER_APPICON_NAME = AppIcon;
				CODE_SIGN_ENTITLEMENTS = ShadowDesigner.entitlements;
				COMBINE_HIDPI_IMAGES = YES;
				CURRENT_PROJECT_VERSION = 1;
				GENERATE_INFOPLIST_FILE = YES;
				INFOPLIST_KEY_CFBundleDisplayName = "HappyShadows Designer";
				INFOPLIST_KEY_LSApplicationCategoryType = "public.app-category.developer-tools";
				LD_RUNPATH_SEARCH_PATHS = (
					"$(inherited)",
					"@executable_path/../Frameworks",
				);
				MARKETING_VERSION = 1.0.0;
				PRODUCT_BUNDLE_IDENTIFIER = com.happyfacestudios.ShadowDesigner;
				PRODUCT_NAME = ShadowDesigner;
				SDKROOT = macosx;
				SWIFT_VERSION = 5.9;
			};
			name = Debug;
		};
		6E03E59D8EB1B646D6DC8B91 /* Release */ = {
			isa = XCBuildConfiguration;
			buildSettings = {
				ALWAYS_SEARCH_USER_PATHS = NO;
				CLANG_ANALYZER_NONNULL = YES;
				CLANG_ANALYZER_NUMBER_OBJECT_CONVERSION = YES_AGGRESSIVE;
				CLANG_CXX_LANGUAGE_STANDARD = "gnu++14";
				CLANG_CXX_LIBRARY = "libc++";
				CLANG_ENABLE_MODULES = YES;
				CLANG_ENABLE_OBJC_ARC = YES;
				CLANG_ENABLE_OBJC_WEAK = YES;
				CLANG_WARN_BLOCK_CAPTURE_AUTORELEASING = YES;
				CLANG_WARN_BOOL_CONVERSION = YES;
				CLANG_WARN_COMMA = YES;
				CLANG_WARN_CONSTANT_CONVERSION = YES;
				CLANG_WARN_DEPRECATED_OBJC_IMPLEMENTATIONS = YES;
				CLANG_WARN_DIRECT_OBJC_ISA_USAGE = YES_ERROR;
				CLANG_WARN_DOCUMENTATION_COMMENTS = YES;
				CLANG_WARN_EMPTY_BODY = YES;
				CLANG_WARN_ENUM_CONVERSION = YES;
				CLANG_WARN_INFINITE_RECURSION = YES;
				CLANG_WARN_INT_CONVERSION = YES;
				CLANG_WARN_NON_LITERAL_NULL_CONVERSION = YES;
				CLANG_WARN_OBJC_IMPLICIT_RETAIN_SELF = YES;
				CLANG_WARN_OBJC_LITERAL_CONVERSION = YES;
				CLANG_WARN_OBJC_ROOT_CLASS = YES_ERROR;
				CLANG_WARN_QUOTED_INCLUDE_IN_FRAMEWORK_HEADER = YES;
				CLANG_WARN_RANGE_LOOP_ANALYSIS = YES;
				CLANG_WARN_STRICT_PROTOTYPES = YES;
				CLANG_WARN_SUSPICIOUS_MOVE = YES;
				CLANG_WARN_UNGUARDED_AVAILABILITY = YES_AGGRESSIVE;
				CLANG_WARN_UNREACHABLE_CODE = YES;
				CLANG_WARN__DUPLICATE_METHOD_MATCH = YES;
				COPY_PHASE_STRIP = NO;
				DEBUG_INFORMATION_FORMAT = "dwarf-with-dsym";
				ENABLE_NS_ASSERTIONS = NO;
				ENABLE_STRICT_OBJC_MSGSEND = YES;
				GCC_C_LANGUAGE_STANDARD = gnu11;
				GCC_NO_COMMON_BLOCKS = YES;
				GCC_WARN_64_TO_32_BIT_CONVERSION = YES;
				GCC_WARN_ABOUT_RETURN_TYPE = YES_ERROR;
				GCC_WARN_UNDECLARED_SELECTOR = YES;
				GCC_WARN_UNINITIALIZED_AUTOS = YES_AGGRESSIVE;
				GCC_WARN_UNUSED_FUNCTION = YES;
				GCC_WARN_UNUSED_VARIABLE = YES;
				MACOSX_DEPLOYMENT_TARGET = 14.0;
				MTL_ENABLE_DEBUG_INFO = NO;
				MTL_FAST_MATH = YES;
				PRODUCT_NAME = "$(TARGET_NAME)";
				SDKROOT = macosx;
				SWIFT_COMPILATION_MODE = wholemodule;
				SWIFT_OPTIMIZATION_LEVEL = "-O";
				SWIFT_VERSION = 5.0;
			};
			name = Release;
		};
		A2DC5500B8664DCCF23610B8 /* Release */ = {
			isa = XCBuildConfiguration;
			buildSettings = {
				ASSETCATALOG_COMPILER_APPICON_NAME = AppIcon;
				CODE_SIGN_ENTITLEMENTS = ShadowDesigner.entitlements;
				COMBINE_HIDPI_IMAGES = YES;
				CURRENT_PROJECT_VERSION = 1;
				GENERATE_INFOPLIST_FILE = YES;
				INFOPLIST_KEY_CFBundleDisplayName = "HappyShadows Designer";
				INFOPLIST_KEY_LSApplicationCategoryType = "public.app-category.developer-tools";
				LD_RUNPATH_SEARCH_PATHS = (
					"$(inherited)",
					"@executable_path/../Frameworks",
				);
				MARKETING_VERSION = 1.0.0;
				PRODUCT_BUNDLE_IDENTIFIER = com.happyfacestudios.ShadowDesigner;
				PRODUCT_NAME = ShadowDesigner;
				SDKROOT = macosx;
				SWIFT_VERSION = 5.9;
			};
			name = Release;
		};
/* End XCBuildConfiguration section */

/* Begin XCConfigurationList section */
		E9416DC8D36956898224D270 /* Build configuration list for PBXProject "ShadowDesigner" */ = {
			isa = XCConfigurationList;
			buildConfigurations = (
				37704C855439647061A85EF6 /* Debug */,
				6E03E59D8EB1B646D6DC8B91 /* Release */,
			);
			defaultConfigurationIsVisible = 0;
			defaultConfigurationName = Debug;
		};
		FAFB45205A4B975EDEF645ED /* Build configuration list for PBXNativeTarget "ShadowDesigner" */ = {
			isa = XCConfigurationList;
			buildConfigurations = (
				4D645B745F7955B7A6F3A44C /* Debug */,
				A2DC5500B8664DCCF23610B8 /* Release */,
			);
			defaultConfigurationIsVisible = 0;
			defaultConfigurationName = Debug;
		};
/* End XCConfigurationList section */

/* Begin XCLocalSwiftPackageReference section */
		D4B52CE5423FD814611B3763 /* XCLocalSwiftPackageReference ".." */ = {
			isa = XCLocalSwiftPackageReference;
			relativePath = ..;
		};
/* End XCLocalSwiftPackageReference section */

/* Begin XCSwiftPackageProductDependency section */
		5A839AAE172CD9AE5490880B /* HappyShadows */ = {
			isa = XCSwiftPackageProductDependency;
			productName = HappyShadows;
		};
/* End XCSwiftPackageProductDependency section */
	};
	rootObject = B64838C034365FC0145DB1DF /* Project object */;
}
